
Microsoft Visual Studio Solution File, Format Version 12.00
# Visual Studio Version 16
VisualStudioVersion = 16.0.32510.428
MinimumVisualStudioVersion = 10.0.40219.1
Project("{FAE04EC0-301F-11D3-BF4B-00C04F79EFBC}") = "voting", "voting.csproj", "{18227260-E486-4CC6-9719-B56ACBEF762A}"
EndProject
Global
	GlobalSection(SolutionConfigurationPlatforms) = preSolution
		Debug|Any CPU = Debug|Any CPU
		Release|Any CPU = Release|Any CPU
	EndGlobalSection
	GlobalSection(ProjectConfigurationPlatforms) = postSolution
		{18227260-E486-4CC6-9719-B56ACBEF762A}.Debug|Any CPU.ActiveCfg = Debug|Any CPU
		{18227260-E486-4CC6-9719-B56ACBEF762A}.Debug|Any CPU.Build.0 = Debug|Any CPU
		{18227260-E486-4CC6-9719-B56ACBEF762A}.Release|Any CPU.ActiveCfg = Release|Any CPU
		{18227260-E486-4CC6-9719-B56ACBEF762A}.Release|Any CPU.Build.0 = Release|Any CPU
	EndGlobalSection
	GlobalSection(SolutionProperties) = preSolution
		HideSolutionNode = FALSE
	EndGlobalSection
	GlobalSection(ExtensibilityGlobals) = postSolution
		SolutionGuid = {40CA58E8-D9E8-4B60-A474-8A343C8310A4}
	EndGlobalSection
EndGlobal
